
Microsoft Visual Studio Solution File, Format Version 12.00
# Visual Studio Version 17
VisualStudioVersion = 17.4.33110.190
MinimumVisualStudioVersion = 10.0.40219.1
Project("{FAE04EC0-301F-11D3-BF4B-00C04F79EFBC}") = "avtosalonApp", "avtosalonApp\avtosalonApp.csproj", "{A754F3CD-C3AC-4F44-8F1C-C16FA4ED81B4}"
EndProject
Global
	GlobalSection(SolutionConfigurationPlatforms) = preSolution
		Debug|Any CPU = Debug|Any CPU
		Release|Any CPU = Release|Any CPU
	EndGlobalSection
	GlobalSection(ProjectConfigurationPlatforms) = postSolution
		{A754F3CD-C3AC-4F44-8F1C-C16FA4ED81B4}.Debug|Any CPU.ActiveCfg = Debug|Any CPU
		{A754F3CD-C3AC-4F44-8F1C-C16FA4ED81B4}.Debug|Any CPU.Build.0 = Debug|Any CPU
		{A754F3CD-C3AC-4F44-8F1C-C16FA4ED81B4}.Release|Any CPU.ActiveCfg = Release|Any CPU
		{A754F3CD-C3AC-4F44-8F1C-C16FA4ED81B4}.Release|Any CPU.Build.0 = Release|Any CPU
	EndGlobalSection
	GlobalSection(SolutionProperties) = preSolution
		HideSolutionNode = FALSE
	EndGlobalSection
	GlobalSection(ExtensibilityGlobals) = postSolution
		SolutionGuid = {867D6B3F-DD98-47C0-AC56-A5037FDC7CAE}
	EndGlobalSection
EndGlobal
